
Microsoft Visual Studio Solution File, Format Version 12.00
# Visual Studio Version 17
VisualStudioVersion = 17.9.34728.123
MinimumVisualStudioVersion = 10.0.40219.1
Project("{9A19103F-16F7-4668-BE54-9A1E7A4F7556}") = "SparseSets", "SparseSets\SparseSets.csproj", "{2FEBF8C0-CCF0-4241-978C-9C7916AA2781}"
EndProject
Project("{9A19103F-16F7-4668-BE54-9A1E7A4F7556}") = "SparseSet.Tests", "SparseSets.Tests\SparseSet.Tests.csproj", "{500E58BD-A836-46AA-9432-646ACB258C8B}"
EndProject
Global
	GlobalSection(SolutionConfigurationPlatforms) = preSolution
		Debug|Any CPU = Debug|Any CPU
		Release|Any CPU = Release|Any CPU
	EndGlobalSection
	GlobalSection(ProjectConfigurationPlatforms) = postSolution
		{2FEBF8C0-CCF0-4241-978C-9C7916AA2781}.Debug|Any CPU.ActiveCfg = Debug|Any CPU
		{2FEBF8C0-CCF0-4241-978C-9C7916AA2781}.Debug|Any CPU.Build.0 = Debug|Any CPU
		{2FEBF8C0-CCF0-4241-978C-9C7916AA2781}.Release|Any CPU.ActiveCfg = Release|Any CPU
		{2FEBF8C0-CCF0-4241-978C-9C7916AA2781}.Release|Any CPU.Build.0 = Release|Any CPU
		{500E58BD-A836-46AA-9432-646ACB258C8B}.Debug|Any CPU.ActiveCfg = Debug|Any CPU
		{500E58BD-A836-46AA-9432-646ACB258C8B}.Debug|Any CPU.Build.0 = Debug|Any CPU
		{500E58BD-A836-46AA-9432-646ACB258C8B}.Release|Any CPU.ActiveCfg = Release|Any CPU
		{500E58BD-A836-46AA-9432-646ACB258C8B}.Release|Any CPU.Build.0 = Release|Any CPU
	EndGlobalSection
	GlobalSection(SolutionProperties) = preSolution
		HideSolutionNode = FALSE
	EndGlobalSection
	GlobalSection(ExtensibilityGlobals) = postSolution
		SolutionGuid = {E979DD9B-A090-49B1-9ED3-3E692B17E2C3}
	EndGlobalSection
EndGlobal
